
Microsoft Visual Studio Solution File, Format Version 12.00
# Visual Studio Version 17
VisualStudioVersion = 17.5.002.0
MinimumVisualStudioVersion = 10.0.40219.1
Project("{2150E333-8FDC-42A3-9474-1A3956D46DE8}") = "csharp-prep", "csharp-prep", "{C47EF146-684F-46B5-8EE4-D9428CD73411}"
EndProject
Project("{9A19103F-16F7-4668-BE54-9A1E7A4F7556}") = "Prep1", "csharp-prep\Prep1\Prep1.csproj", "{54A621FB-7018-4B6B-BE4B-17A5C9320E3A}"
EndProject
Project("{9A19103F-16F7-4668-BE54-9A1E7A4F7556}") = "Prep2", "csharp-prep\Prep2\Prep2.csproj", "{BBE51B8D-1470-48B2-8686-E7BDDB584559}"
EndProject
Project("{9A19103F-16F7-4668-BE54-9A1E7A4F7556}") = "Prep3", "csharp-prep\Prep3\Prep3.csproj", "{CCB83EE3-020A-4B3A-BC8A-4586423C18D7}"
EndProject
Project("{9A19103F-16F7-4668-BE54-9A1E7A4F7556}") = "Prep4", "csharp-prep\Prep4\Prep4.csproj", "{5D858C3C-876F-4418-AA2F-8686930CD2FB}"
EndProject
Project("{9A19103F-16F7-4668-BE54-9A1E7A4F7556}") = "Prep5", "csharp-prep\Prep5\Prep5.csproj", "{0F1C25D9-CE10-43DC-9BA7-71D99BF35F1C}"
EndProject
Project("{2150E333-8FDC-42A3-9474-1A3956D46DE8}") = "final", "final", "{D0A1905E-D058-40F3-8E9C-78ECB74D8848}"
EndProject
Project("{9A19103F-16F7-4668-BE54-9A1E7A4F7556}") = "FinalProject", "final\FinalProject\FinalProject.csproj", "{6FCE898A-98BC-48F4-A6DC-93C86FA2B9F0}"
EndProject
Project("{9A19103F-16F7-4668-BE54-9A1E7A4F7556}") = "Foundation1", "final\Foundation1\Foundation1.csproj", "{4754193B-AF3F-4DF9-8CB2-14D7A653F89A}"
EndProject
Project("{9A19103F-16F7-4668-BE54-9A1E7A4F7556}") = "Foundation2", "final\Foundation2\Foundation2.csproj", "{80056885-2EB5-4C52-B3CA-E87496A69F05}"
EndProject
Project("{9A19103F-16F7-4668-BE54-9A1E7A4F7556}") = "Foundation3", "final\Foundation3\Foundation3.csproj", "{0F0DEF48-86BF-41B9-A13B-031E39D65A25}"
EndProject
Project("{9A19103F-16F7-4668-BE54-9A1E7A4F7556}") = "Foundation4", "final\Foundation4\Foundation4.csproj", "{5BB972FE-52E7-4AF5-8120-83A5D7AA6C49}"
EndProject
Project("{2150E333-8FDC-42A3-9474-1A3956D46DE8}") = "prepare", "prepare", "{4ED318E2-B5C9-454E-AF32-5F57BB663799}"
EndProject
Project("{9A19103F-16F7-4668-BE54-9A1E7A4F7556}") = "Learning02", "prepare\Learning02\Learning02.csproj", "{8226C40E-10C0-445E-985B-176444B91174}"
EndProject
Project("{9A19103F-16F7-4668-BE54-9A1E7A4F7556}") = "Learning03", "prepare\Learning03\Learning03.csproj", "{87AA0142-711C-4536-9A2C-1AFE1E6A645C}"
EndProject
Project("{9A19103F-16F7-4668-BE54-9A1E7A4F7556}") = "Learning04", "prepare\Learning04\Learning04.csproj", "{4313AF66-D01D-4009-8170-B7DF31735FA2}"
EndProject
Project("{9A19103F-16F7-4668-BE54-9A1E7A4F7556}") = "Learning05", "prepare\Learning05\Learning05.csproj", "{5D7FE81C-923C-41CD-BC6F-F5A4B193077D}"
EndProject
Project("{2150E333-8FDC-42A3-9474-1A3956D46DE8}") = "prove", "prove", "{D1FE5096-A574-47CC-B9A7-D4501BC98955}"
EndProject
Project("{9A19103F-16F7-4668-BE54-9A1E7A4F7556}") = "Develop02", "prove\Develop02\Develop02.csproj", "{42E119AD-84C7-409C-B334-6D4C1A5897BF}"
EndProject
Project("{9A19103F-16F7-4668-BE54-9A1E7A4F7556}") = "Develop03", "prove\Develop03\Develop03.csproj", "{11DB6A19-0342-41B2-88E9-D75574571615}"
EndProject
Project("{9A19103F-16F7-4668-BE54-9A1E7A4F7556}") = "Develop04", "prove\Develop04\Develop04.csproj", "{302BBDC3-EAD9-4F1B-A8CD-4AEA4BDF95AF}"
EndProject
Project("{9A19103F-16F7-4668-BE54-9A1E7A4F7556}") = "Develop05", "prove\Develop05\Develop05.csproj", "{84BF6D92-10C9-450D-AC7F-FE4D275790C8}"
EndProject
Project("{2150E333-8FDC-42A3-9474-1A3956D46DE8}") = "sandbox", "sandbox", "{88AE09A9-A331-4E7B-9DD5-8E292B489D26}"
EndProject
Project("{9A19103F-16F7-4668-BE54-9A1E7A4F7556}") = "Sandbox", "sandbox\Sandbox\Sandbox.csproj", "{819FCD32-4A18-4EB8-AB5F-D9085CCC6A71}"
EndProject
Global
	GlobalSection(SolutionConfigurationPlatforms) = preSolution
		Debug|Any CPU = Debug|Any CPU
		Release|Any CPU = Release|Any CPU
	EndGlobalSection
	GlobalSection(ProjectConfigurationPlatforms) = postSolution
		{54A621FB-7018-4B6B-BE4B-17A5C9320E3A}.Debug|Any CPU.ActiveCfg = Debug|Any CPU
		{54A621FB-7018-4B6B-BE4B-17A5C9320E3A}.Debug|Any CPU.Build.0 = Debug|Any CPU
		{54A621FB-7018-4B6B-BE4B-17A5C9320E3A}.Release|Any CPU.ActiveCfg = Release|Any CPU
		{54A621FB-7018-4B6B-BE4B-17A5C9320E3A}.Release|Any CPU.Build.0 = Release|Any CPU
		{BBE51B8D-1470-48B2-8686-E7BDDB584559}.Debug|Any CPU.ActiveCfg = Debug|Any CPU
		{BBE51B8D-1470-48B2-8686-E7BDDB584559}.Debug|Any CPU.Build.0 = Debug|Any CPU
		{BBE51B8D-1470-48B2-8686-E7BDDB584559}.Release|Any CPU.ActiveCfg = Release|Any CPU
		{BBE51B8D-1470-48B2-8686-E7BDDB584559}.Release|Any CPU.Build.0 = Release|Any CPU
		{CCB83EE3-020A-4B3A-BC8A-4586423C18D7}.Debug|Any CPU.ActiveCfg = Debug|Any CPU
		{CCB83EE3-020A-4B3A-BC8A-4586423C18D7}.Debug|Any CPU.Build.0 = Debug|Any CPU
		{CCB83EE3-020A-4B3A-BC8A-4586423C18D7}.Release|Any CPU.ActiveCfg = Release|Any CPU
		{CCB83EE3-020A-4B3A-BC8A-4586423C18D7}.Release|Any CPU.Build.0 = Release|Any CPU
		{5D858C3C-876F-4418-AA2F-8686930CD2FB}.Debug|Any CPU.ActiveCfg = Debug|Any CPU
		{5D858C3C-876F-4418-AA2F-8686930CD2FB}.Debug|Any CPU.Build.0 = Debug|Any CPU
		{5D858C3C-876F-4418-AA2F-8686930CD2FB}.Release|Any CPU.ActiveCfg = Release|Any CPU
		{5D858C3C-876F-4418-AA2F-8686930CD2FB}.Release|Any CPU.Build.0 = Release|Any CPU
		{0F1C25D9-CE10-43DC-9BA7-71D99BF35F1C}.Debug|Any CPU.ActiveCfg = Debug|Any CPU
		{0F1C25D9-CE10-43DC-9BA7-71D99BF35F1C}.Debug|Any CPU.Build.0 = Debug|Any CPU
		{0F1C25D9-CE10-43DC-9BA7-71D99BF35F1C}.Release|Any CPU.ActiveCfg = Release|Any CPU
		{0F1C25D9-CE10-43DC-9BA7-71D99BF35F1C}.Release|Any CPU.Build.0 = Release|Any CPU
		{6FCE898A-98BC-48F4-A6DC-93C86FA2B9F0}.Debug|Any CPU.ActiveCfg = Debug|Any CPU
		{6FCE898A-98BC-48F4-A6DC-93C86FA2B9F0}.Debug|Any CPU.Build.0 = Debug|Any CPU
		{6FCE898A-98BC-48F4-A6DC-93C86FA2B9F0}.Release|Any CPU.ActiveCfg = Release|Any CPU
		{6FCE898A-98BC-48F4-A6DC-93C86FA2B9F0}.Release|Any CPU.Build.0 = Release|Any CPU
		{4754193B-AF3F-4DF9-8CB2-14D7A653F89A}.Debug|Any CPU.ActiveCfg = Debug|Any CPU
		{4754193B-AF3F-4DF9-8CB2-14D7A653F89A}.Debug|Any CPU.Build.0 = Debug|Any CPU
		{4754193B-AF3F-4DF9-8CB2-14D7A653F89A}.Release|Any CPU.ActiveCfg = Release|Any CPU
		{4754193B-AF3F-4DF9-8CB2-14D7A653F89A}.Release|Any CPU.Build.0 = Release|Any CPU
		{80056885-2EB5-4C52-B3CA-E87496A69F05}.Debug|Any CPU.ActiveCfg = Debug|Any CPU
		{80056885-2EB5-4C52-B3CA-E87496A69F05}.Debug|Any CPU.Build.0 = Debug|Any CPU
		{80056885-2EB5-4C52-B3CA-E87496A69F05}.Release|Any CPU.ActiveCfg = Release|Any CPU
		{80056885-2EB5-4C52-B3CA-E87496A69F05}.Release|Any CPU.Build.0 = Release|Any CPU
		{0F0DEF48-86BF-41B9-A13B-031E39D65A25}.Debug|Any CPU.ActiveCfg = Debug|Any CPU
		{0F0DEF48-86BF-41B9-A13B-031E39D65A25}.Debug|Any CPU.Build.0 = Debug|Any CPU
		{0F0DEF48-86BF-41B9-A13B-031E39D65A25}.Release|Any CPU.ActiveCfg = Release|Any CPU
		{0F0DEF48-86BF-41B9-A13B-031E39D65A25}.Release|Any CPU.Build.0 = Release|Any CPU
		{5BB972FE-52E7-4AF5-8120-83A5D7AA6C49}.Debug|Any CPU.ActiveCfg = Debug|Any CPU
		{5BB972FE-52E7-4AF5-8120-83A5D7AA6C49}.Debug|Any CPU.Build.0 = Debug|Any CPU
		{5BB972FE-52E7-4AF5-8120-83A5D7AA6C49}.Release|Any CPU.ActiveCfg = Release|Any CPU
		{5BB972FE-52E7-4AF5-8120-83A5D7AA6C49}.Release|Any CPU.Build.0 = Release|Any CPU
		{8226C40E-10C0-445E-985B-176444B91174}.Debug|Any CPU.ActiveCfg = Debug|Any CPU
		{8226C40E-10C0-445E-985B-176444B91174}.Debug|Any CPU.Build.0 = Debug|Any CPU
		{8226C40E-10C0-445E-985B-176444B91174}.Release|Any CPU.ActiveCfg = Release|Any CPU
		{8226C40E-10C0-445E-985B-176444B91174}.Release|Any CPU.Build.0 = Release|Any CPU
		{87AA0142-711C-4536-9A2C-1AFE1E6A645C}.Debug|Any CPU.ActiveCfg = Debug|Any CPU
		{87AA0142-711C-4536-9A2C-1AFE1E6A645C}.Debug|Any CPU.Build.0 = Debug|Any CPU
		{87AA0142-711C-4536-9A2C-1AFE1E6A645C}.Release|Any CPU.ActiveCfg = Release|Any CPU
		{87AA0142-711C-4536-9A2C-1AFE1E6A645C}.Release|Any CPU.Build.0 = Release|Any CPU
		{4313AF66-D01D-4009-8170-B7DF31735FA2}.Debug|Any CPU.ActiveCfg = Debug|Any CPU
		{4313AF66-D01D-4009-8170-B7DF31735FA2}.Debug|Any CPU.Build.0 = Debug|Any CPU
		{4313AF66-D01D-4009-8170-B7DF31735FA2}.Release|Any CPU.ActiveCfg = Release|Any CPU
		{4313AF66-D01D-4009-8170-B7DF31735FA2}.Release|Any CPU.Build.0 = Release|Any CPU
		{5D7FE81C-923C-41CD-BC6F-F5A4B193077D}.Debug|Any CPU.ActiveCfg = Debug|Any CPU
		{5D7FE81C-923C-41CD-BC6F-F5A4B193077D}.Debug|Any CPU.Build.0 = Debug|Any CPU
		{5D7FE81C-923C-41CD-BC6F-F5A4B193077D}.Release|Any CPU.ActiveCfg = Release|Any CPU
		{5D7FE81C-923C-41CD-BC6F-F5A4B193077D}.Release|Any CPU.Build.0 = Release|Any CPU
		{42E119AD-84C7-409C-B334-6D4C1A5897BF}.Debug|Any CPU.ActiveCfg = Debug|Any CPU
		{42E119AD-84C7-409C-B334-6D4C1A5897BF}.Debug|Any CPU.Build.0 = Debug|Any CPU
		{42E119AD-84C7-409C-B334-6D4C1A5897BF}.Release|Any CPU.ActiveCfg = Release|Any CPU
		{42E119AD-84C7-409C-B334-6D4C1A5897BF}.Release|Any CPU.Build.0 = Release|Any CPU
		{11DB6A19-0342-41B2-88E9-D75574571615}.Debug|Any CPU.ActiveCfg = Debug|Any CPU
		{11DB6A19-0342-41B2-88E9-D75574571615}.Debug|Any CPU.Build.0 = Debug|Any CPU
		{11DB6A19-0342-41B2-88E9-D75574571615}.Release|Any CPU.ActiveCfg = Release|Any CPU
		{11DB6A19-0342-41B2-88E9-D75574571615}.Release|Any CPU.Build.0 = Release|Any CPU
		{302BBDC3-EAD9-4F1B-A8CD-4AEA4BDF95AF}.Debug|Any CPU.ActiveCfg = Debug|Any CPU
		{302BBDC3-EAD9-4F1B-A8CD-4AEA4BDF95AF}.Debug|Any CPU.Build.0 = Debug|Any CPU
		{302BBDC3-EAD9-4F1B-A8CD-4AEA4BDF95AF}.Release|Any CPU.ActiveCfg = Release|Any CPU
		{302BBDC3-EAD9-4F1B-A8CD-4AEA4BDF95AF}.Release|Any CPU.Build.0 = Release|Any CPU
		{84BF6D92-10C9-450D-AC7F-FE4D275790C8}.Debug|Any CPU.ActiveCfg = Debug|Any CPU
		{84BF6D92-10C9-450D-AC7F-FE4D275790C8}.Debug|Any CPU.Build.0 = Debug|Any CPU
		{84BF6D92-10C9-450D-AC7F-FE4D275790C8}.Release|Any CPU.ActiveCfg = Release|Any CPU
		{84BF6D92-10C9-450D-AC7F-FE4D275790C8}.Release|Any CPU.Build.0 = Release|Any CPU
		{819FCD32-4A18-4EB8-AB5F-D9085CCC6A71}.Debug|Any CPU.ActiveCfg = Debug|Any CPU
		{819FCD32-4A18-4EB8-AB5F-D9085CCC6A71}.Debug|Any CPU.Build.0 = Debug|Any CPU
		{819FCD32-4A18-4EB8-AB5F-D9085CCC6A71}.Release|Any CPU.ActiveCfg = Release|Any CPU
		{819FCD32-4A18-4EB8-AB5F-D9085CCC6A71}.Release|Any CPU.Build.0 = Release|Any CPU
	EndGlobalSection
	GlobalSection(SolutionProperties) = preSolution
		HideSolutionNode = FALSE
	EndGlobalSection
	GlobalSection(NestedProjects) = preSolution
		{54A621FB-7018-4B6B-BE4B-17A5C9320E3A} = {C47EF146-684F-46B5-8EE4-D9428CD73411}
		{BBE51B8D-1470-48B2-8686-E7BDDB584559} = {C47EF146-684F-46B5-8EE4-D9428CD73411}
		{CCB83EE3-020A-4B3A-BC8A-4586423C18D7} = {C47EF146-684F-46B5-8EE4-D9428CD73411}
		{5D858C3C-876F-4418-AA2F-8686930CD2FB} = {C47EF146-684F-46B5-8EE4-D9428CD73411}
		{0F1C25D9-CE10-43DC-9BA7-71D99BF35F1C} = {C47EF146-684F-46B5-8EE4-D9428CD73411}
		{6FCE898A-98BC-48F4-A6DC-93C86FA2B9F0} = {D0A1905E-D058-40F3-8E9C-78ECB74D8848}
		{4754193B-AF3F-4DF9-8CB2-14D7A653F89A} = {D0A1905E-D058-40F3-8E9C-78ECB74D8848}
		{80056885-2EB5-4C52-B3CA-E87496A69F05} = {D0A1905E-D058-40F3-8E9C-78ECB74D8848}
		{0F0DEF48-86BF-41B9-A13B-031E39D65A25} = {D0A1905E-D058-40F3-8E9C-78ECB74D8848}
		{5BB972FE-52E7-4AF5-8120-83A5D7AA6C49} = {D0A1905E-D058-40F3-8E9C-78ECB74D8848}
		{8226C40E-10C0-445E-985B-176444B91174} = {4ED318E2-B5C9-454E-AF32-5F57BB663799}
		{87AA0142-711C-4536-9A2C-1AFE1E6A645C} = {4ED318E2-B5C9-454E-AF32-5F57BB663799}
		{4313AF66-D01D-4009-8170-B7DF31735FA2} = {4ED318E2-B5C9-454E-AF32-5F57BB663799}
		{5D7FE81C-923C-41CD-BC6F-F5A4B193077D} = {4ED318E2-B5C9-454E-AF32-5F57BB663799}
		{42E119AD-84C7-409C-B334-6D4C1A5897BF} = {D1FE5096-A574-47CC-B9A7-D4501BC98955}
		{11DB6A19-0342-41B2-88E9-D75574571615} = {D1FE5096-A574-47CC-B9A7-D4501BC98955}
		{302BBDC3-EAD9-4F1B-A8CD-4AEA4BDF95AF} = {D1FE5096-A574-47CC-B9A7-D4501BC98955}
		{84BF6D92-10C9-450D-AC7F-FE4D275790C8} = {D1FE5096-A574-47CC-B9A7-D4501BC98955}
		{819FCD32-4A18-4EB8-AB5F-D9085CCC6A71} = {88AE09A9-A331-4E7B-9DD5-8E292B489D26}
	EndGlobalSection
	GlobalSection(ExtensibilityGlobals) = postSolution
		SolutionGuid = {58EEFEBE-11C0-4C1E-AD75-2D2F0F2A411D}
	EndGlobalSection
EndGlobal
